
Microsoft Visual Studio Solution File, Format Version 12.00
# Visual Studio Version 17
VisualStudioVersion = 17.5.33530.505
MinimumVisualStudioVersion = 10.0.40219.1
Project("{FAE04EC0-301F-11D3-BF4B-00C04F79EFBC}") = "Demos.BusRoute", "Demos.BusRoute.csproj", "{76D3B15B-C491-4DEA-AB73-5BFC4952ED2A}"
EndProject
Global
	GlobalSection(SolutionConfigurationPlatforms) = preSolution
		Debug|Any CPU = Debug|Any CPU
		Release|Any CPU = Release|Any CPU
	EndGlobalSection
	GlobalSection(ProjectConfigurationPlatforms) = postSolution
		{76D3B15B-C491-4DEA-AB73-5BFC4952ED2A}.Debug|Any CPU.ActiveCfg = Debug|Any CPU
		{76D3B15B-C491-4DEA-AB73-5BFC4952ED2A}.Debug|Any CPU.Build.0 = Debug|Any CPU
		{76D3B15B-C491-4DEA-AB73-5BFC4952ED2A}.Release|Any CPU.ActiveCfg = Release|Any CPU
		{76D3B15B-C491-4DEA-AB73-5BFC4952ED2A}.Release|Any CPU.Build.0 = Release|Any CPU
	EndGlobalSection
	GlobalSection(SolutionProperties) = preSolution
		HideSolutionNode = FALSE
	EndGlobalSection
	GlobalSection(ExtensibilityGlobals) = postSolution
		SolutionGuid = {E0DCDB6C-6CE1-4ADC-B433-1F85E57437BA}
	EndGlobalSection
EndGlobal
